
Microsoft Visual Studio Solution File, Format Version 12.00
# Visual Studio Version 17
VisualStudioVersion = 17.5.33627.172
MinimumVisualStudioVersion = 10.0.40219.1
Project("{FAE04EC0-301F-11D3-BF4B-00C04F79EFBC}") = "PlazoletaService.WebApi", "PlazoletaService\PlazoletaService.WebApi.csproj", "{8329ED20-38D2-4431-BC39-65BC7C844CCD}"
EndProject
Project("{FAE04EC0-301F-11D3-BF4B-00C04F79EFBC}") = "PlazoletaService.Domain", "Plazoleta.Domain\PlazoletaService.Domain.csproj", "{9C340C44-BB61-4B70-8C86-1B6A5A763702}"
EndProject
Project("{FAE04EC0-301F-11D3-BF4B-00C04F79EFBC}") = "PlazoletaService.Infrastructure", "Plazoleta.Infrastructure\PlazoletaService.Infrastructure.csproj", "{E9FD484D-9F95-4888-8B2F-A76A19E6362E}"
EndProject
Global
	GlobalSection(SolutionConfigurationPlatforms) = preSolution
		Debug|Any CPU = Debug|Any CPU
		Release|Any CPU = Release|Any CPU
	EndGlobalSection
	GlobalSection(ProjectConfigurationPlatforms) = postSolution
		{8329ED20-38D2-4431-BC39-65BC7C844CCD}.Debug|Any CPU.ActiveCfg = Debug|Any CPU
		{8329ED20-38D2-4431-BC39-65BC7C844CCD}.Debug|Any CPU.Build.0 = Debug|Any CPU
		{8329ED20-38D2-4431-BC39-65BC7C844CCD}.Release|Any CPU.ActiveCfg = Release|Any CPU
		{8329ED20-38D2-4431-BC39-65BC7C844CCD}.Release|Any CPU.Build.0 = Release|Any CPU
		{9C340C44-BB61-4B70-8C86-1B6A5A763702}.Debug|Any CPU.ActiveCfg = Debug|Any CPU
		{9C340C44-BB61-4B70-8C86-1B6A5A763702}.Debug|Any CPU.Build.0 = Debug|Any CPU
		{9C340C44-BB61-4B70-8C86-1B6A5A763702}.Release|Any CPU.ActiveCfg = Release|Any CPU
		{9C340C44-BB61-4B70-8C86-1B6A5A763702}.Release|Any CPU.Build.0 = Release|Any CPU
		{E9FD484D-9F95-4888-8B2F-A76A19E6362E}.Debug|Any CPU.ActiveCfg = Debug|Any CPU
		{E9FD484D-9F95-4888-8B2F-A76A19E6362E}.Debug|Any CPU.Build.0 = Debug|Any CPU
		{E9FD484D-9F95-4888-8B2F-A76A19E6362E}.Release|Any CPU.ActiveCfg = Release|Any CPU
		{E9FD484D-9F95-4888-8B2F-A76A19E6362E}.Release|Any CPU.Build.0 = Release|Any CPU
	EndGlobalSection
	GlobalSection(SolutionProperties) = preSolution
		HideSolutionNode = FALSE
	EndGlobalSection
	GlobalSection(ExtensibilityGlobals) = postSolution
		SolutionGuid = {574443B6-FC51-4A3B-99A3-D0CE6A0B439F}
	EndGlobalSection
EndGlobal
