
Microsoft Visual Studio Solution File, Format Version 12.00
# Visual Studio Version 17
VisualStudioVersion = 17.5.33627.172
MinimumVisualStudioVersion = 10.0.40219.1
Project("{9A19103F-16F7-4668-BE54-9A1E7A4F7556}") = "UsersService.WebApi", "UsersService\UsersService.WebApi.csproj", "{10B5733F-9EFC-4C63-8E85-FEB82C3CA9DA}"
EndProject
Project("{9A19103F-16F7-4668-BE54-9A1E7A4F7556}") = "UsersService.Domain", "UsersService.Domain\UsersService.Domain.csproj", "{B37D4740-ACB6-4792-834D-6059F301C35C}"
EndProject
Project("{9A19103F-16F7-4668-BE54-9A1E7A4F7556}") = "UsersService.Infrastructure", "UsersService.Infrastructure\UsersService.Infrastructure.csproj", "{7B587ED8-1C39-4BCF-8632-6EF256BEDD10}"
EndProject
Project("{9A19103F-16F7-4668-BE54-9A1E7A4F7556}") = "UsersService.Test", "UsersService.Test\UsersService.Test.csproj", "{05CD0718-8752-4960-A95E-4B6363D994CA}"
EndProject
Global
	GlobalSection(SolutionConfigurationPlatforms) = preSolution
		Debug|Any CPU = Debug|Any CPU
		Release|Any CPU = Release|Any CPU
	EndGlobalSection
	GlobalSection(ProjectConfigurationPlatforms) = postSolution
		{10B5733F-9EFC-4C63-8E85-FEB82C3CA9DA}.Debug|Any CPU.ActiveCfg = Debug|Any CPU
		{10B5733F-9EFC-4C63-8E85-FEB82C3CA9DA}.Debug|Any CPU.Build.0 = Debug|Any CPU
		{10B5733F-9EFC-4C63-8E85-FEB82C3CA9DA}.Release|Any CPU.ActiveCfg = Release|Any CPU
		{10B5733F-9EFC-4C63-8E85-FEB82C3CA9DA}.Release|Any CPU.Build.0 = Release|Any CPU
		{B37D4740-ACB6-4792-834D-6059F301C35C}.Debug|Any CPU.ActiveCfg = Debug|Any CPU
		{B37D4740-ACB6-4792-834D-6059F301C35C}.Debug|Any CPU.Build.0 = Debug|Any CPU
		{B37D4740-ACB6-4792-834D-6059F301C35C}.Release|Any CPU.ActiveCfg = Release|Any CPU
		{B37D4740-ACB6-4792-834D-6059F301C35C}.Release|Any CPU.Build.0 = Release|Any CPU
		{7B587ED8-1C39-4BCF-8632-6EF256BEDD10}.Debug|Any CPU.ActiveCfg = Debug|Any CPU
		{7B587ED8-1C39-4BCF-8632-6EF256BEDD10}.Debug|Any CPU.Build.0 = Debug|Any CPU
		{7B587ED8-1C39-4BCF-8632-6EF256BEDD10}.Release|Any CPU.ActiveCfg = Release|Any CPU
		{7B587ED8-1C39-4BCF-8632-6EF256BEDD10}.Release|Any CPU.Build.0 = Release|Any CPU
		{05CD0718-8752-4960-A95E-4B6363D994CA}.Debug|Any CPU.ActiveCfg = Debug|Any CPU
		{05CD0718-8752-4960-A95E-4B6363D994CA}.Debug|Any CPU.Build.0 = Debug|Any CPU
		{05CD0718-8752-4960-A95E-4B6363D994CA}.Release|Any CPU.ActiveCfg = Release|Any CPU
		{05CD0718-8752-4960-A95E-4B6363D994CA}.Release|Any CPU.Build.0 = Release|Any CPU
	EndGlobalSection
	GlobalSection(SolutionProperties) = preSolution
		HideSolutionNode = FALSE
	EndGlobalSection
	GlobalSection(ExtensibilityGlobals) = postSolution
		SolutionGuid = {F8072E57-5A9B-42A6-9C16-A254F083922F}
	EndGlobalSection
EndGlobal
